<?xml version="1.0" encoding="utf-8"?>
<Project ToolsVersion="4.0" xmlns="http://schemas.microsoft.com/developer/msbuild/2003">
  <ItemGroup>
    <Filter Include="소스 파일">
      <UniqueIdentifier>{4FC737F1-C7A5-4376-A066-2A32D752A2FF}</UniqueIdentifier>
      <Extensions>cpp;c;cc;cxx;c++;cppm;ixx;def;odl;idl;hpj;bat;asm;asmx</Extensions>
    </Filter>
    <Filter Include="헤더 파일">
      <UniqueIdentifier>{93995380-89BD-4b04-88EB-625FBE52EBFB}</UniqueIdentifier>
      <Extensions>h;hh;hpp;hxx;h++;hm;inl;inc;ipp;xsd</Extensions>
    </Filter>
    <Filter Include="리소스 파일">
      <UniqueIdentifier>{67DA6AB6-F800-4c08-8B7A-83BB121AAD01}</UniqueIdentifier>
      <Extensions>rc;ico;cur;bmp;dlg;rc2;rct;bin;rgs;gif;jpg;jpeg;jpe;resx;tiff;tif;png;wav;mfcribbon-ms</Extensions>
    </Filter>
    <Filter Include="Test">
      <UniqueIdentifier>{48d49c04-8672-4eb6-a281-65e070cb7b87}</UniqueIdentifier>
    </Filter>
  </ItemGroup>
  <ItemGroup>
    <ClCompile Include="main.cpp">
      <Filter>소스 파일</Filter>
    </ClCompile>
    <ClCompile Include="Checker.cpp">
      <Filter>소스 파일</Filter>
    </ClCompile>
    <ClCompile Include="Environment.cpp">
      <Filter>소스 파일</Filter>
    </ClCompile>
    <ClCompile Include="Executor.cpp">
      <Filter>소스 파일</Filter>
    </ClCompile>
    <ClCompile Include="Parser.cpp">
      <Filter>소스 파일</Filter>
    </ClCompile>
    <ClCompile Include="Shell.cpp">
      <Filter>소스 파일</Filter>
    </ClCompile>
    <ClCompile Include="Tokenizer.cpp">
      <Filter>소스 파일</Filter>
    </ClCompile>
    <ClCompile Include="tests\TokenizerTest.cpp">
      <Filter>Test</Filter>
    </ClCompile>
    <ClCompile Include="tests\ParserTest.cpp">
      <Filter>Test</Filter>
    </ClCompile>
    <ClCompile Include="tests\ExecutorTest.cpp">
      <Filter>Test</Filter>
    </ClCompile>
    <ClCompile Include="tests\CheckerTest.cpp">
      <Filter>Test</Filter>
    </ClCompile>
    <ClCompile Include="tests\ExpressionParserTest.cpp">
      <Filter>Test</Filter>
    </ClCompile>
    <ClCompile Include="tests\ShellTest.cpp">
      <Filter>Test</Filter>
    </ClCompile>
    <ClCompile Include="tests\FunctionTest.cpp">
      <Filter>Test</Filter>
    </ClCompile>
    <ClCompile Include="tests\ArrayTest.cpp">
      <Filter>Test</Filter>
    </ClCompile>
    <ClCompile Include="DebugController.cpp">
      <Filter>소스 파일</Filter>
    </ClCompile>
    <ClCompile Include="tests\OptimizationTest.cpp">
      <Filter>소스 파일</Filter>
    </ClCompile>
    <ClCompile Include="$(MSBuildThisFileDirectory)..\..\lib\native\src\gtest\gtest-all.cc">
      <Filter>소스 파일</Filter>
    </ClCompile>
    <ClCompile Include="$(MSBuildThisFileDirectory)..\..\lib\native\src\gmock\gmock-all.cc">
      <Filter>소스 파일</Filter>
    </ClCompile>
    <ClCompile Include="tests\BreakpointTest.cpp">
      <Filter>Test</Filter>
    </ClCompile>
    <ClCompile Include="tests\DebugInfraTest.cpp">
      <Filter>Test</Filter>
    </ClCompile>
    <ClCompile Include="tests\FactoryShellTest.cpp">
      <Filter>Test</Filter>
    </ClCompile>
    <ClCompile Include="tests\FileModeTest.cpp">
      <Filter>Test</Filter>
    </ClCompile>
    <ClCompile Include="tests\StepTest.cpp">
      <Filter>Test</Filter>
    </ClCompile>
    <ClCompile Include="tests\WatchTest.cpp">
      <Filter>Test</Filter>
    </ClCompile>
  </ItemGroup>
  <ItemGroup>
    <ClInclude Include="Checker.h">
      <Filter>헤더 파일</Filter>
    </ClInclude>
    <ClInclude Include="Environment.h">
      <Filter>헤더 파일</Filter>
    </ClInclude>
    <ClInclude Include="Executor.h">
      <Filter>헤더 파일</Filter>
    </ClInclude>
    <ClInclude Include="Expr.h">
      <Filter>헤더 파일</Filter>
    </ClInclude>
    <ClInclude Include="Parser.h">
      <Filter>헤더 파일</Filter>
    </ClInclude>
    <ClInclude Include="Shell.h">
      <Filter>헤더 파일</Filter>
    </ClInclude>
    <ClInclude Include="Stmt.h">
      <Filter>헤더 파일</Filter>
    </ClInclude>
    <ClInclude Include="Token.h">
      <Filter>헤더 파일</Filter>
    </ClInclude>
    <ClInclude Include="Tokenizer.h">
      <Filter>헤더 파일</Filter>
    </ClInclude>
    <ClInclude Include="Value.h">
      <Filter>헤더 파일</Filter>
    </ClInclude>
    <ClInclude Include="DebugController.h">
      <Filter>헤더 파일</Filter>
    </ClInclude>
  </ItemGroup>
  <ItemGroup>
    <None Include="CodeFab_통합설계서.md">
      <Filter>리소스 파일</Filter>
    </None>
    <None Include="packages.config" />
  </ItemGroup>
</Project>